
Microsoft Visual Studio Solution File, Format Version 12.00
# Visual Studio Version 17
VisualStudioVersion = 17.3.32825.248
MinimumVisualStudioVersion = 10.0.40219.1
Project("{FAE04EC0-301F-11D3-BF4B-00C04F79EFBC}") = "Method_Injection", "Method_Injection\Method_Injection.csproj", "{C3B614DE-3295-4133-8BC1-D390A332C515}"
EndProject
Global
	GlobalSection(SolutionConfigurationPlatforms) = preSolution
		Debug|Any CPU = Debug|Any CPU
		Release|Any CPU = Release|Any CPU
	EndGlobalSection
	GlobalSection(ProjectConfigurationPlatforms) = postSolution
		{C3B614DE-3295-4133-8BC1-D390A332C515}.Debug|Any CPU.ActiveCfg = Debug|Any CPU
		{C3B614DE-3295-4133-8BC1-D390A332C515}.Debug|Any CPU.Build.0 = Debug|Any CPU
		{C3B614DE-3295-4133-8BC1-D390A332C515}.Release|Any CPU.ActiveCfg = Release|Any CPU
		{C3B614DE-3295-4133-8BC1-D390A332C515}.Release|Any CPU.Build.0 = Release|Any CPU
	EndGlobalSection
	GlobalSection(SolutionProperties) = preSolution
		HideSolutionNode = FALSE
	EndGlobalSection
	GlobalSection(ExtensibilityGlobals) = postSolution
		SolutionGuid = {A19B1B19-290F-40DD-B578-DAEDFA5EA815}
	EndGlobalSection
EndGlobal
