
Microsoft Visual Studio Solution File, Format Version 12.00
# Visual Studio Version 17
VisualStudioVersion = 17.3.32825.248
MinimumVisualStudioVersion = 10.0.40219.1
Project("{FAE04EC0-301F-11D3-BF4B-00C04F79EFBC}") = "IEnumerable_Part2", "IEnumerable_Part2\IEnumerable_Part2.csproj", "{018F12DA-FF18-4C52-B733-ADB163F4F3CD}"
EndProject
Global
	GlobalSection(SolutionConfigurationPlatforms) = preSolution
		Debug|Any CPU = Debug|Any CPU
		Release|Any CPU = Release|Any CPU
	EndGlobalSection
	GlobalSection(ProjectConfigurationPlatforms) = postSolution
		{018F12DA-FF18-4C52-B733-ADB163F4F3CD}.Debug|Any CPU.ActiveCfg = Debug|Any CPU
		{018F12DA-FF18-4C52-B733-ADB163F4F3CD}.Debug|Any CPU.Build.0 = Debug|Any CPU
		{018F12DA-FF18-4C52-B733-ADB163F4F3CD}.Release|Any CPU.ActiveCfg = Release|Any CPU
		{018F12DA-FF18-4C52-B733-ADB163F4F3CD}.Release|Any CPU.Build.0 = Release|Any CPU
	EndGlobalSection
	GlobalSection(SolutionProperties) = preSolution
		HideSolutionNode = FALSE
	EndGlobalSection
	GlobalSection(ExtensibilityGlobals) = postSolution
		SolutionGuid = {814E9A6D-AD3A-4D20-A9AE-DDC94F522F9B}
	EndGlobalSection
EndGlobal
