
Microsoft Visual Studio Solution File, Format Version 12.00
# Visual Studio Version 17
VisualStudioVersion = 17.3.32825.248
MinimumVisualStudioVersion = 10.0.40219.1
Project("{FAE04EC0-301F-11D3-BF4B-00C04F79EFBC}") = "SimpleWebApp", "SimpleWebApp\SimpleWebApp.csproj", "{8DDC66D9-CB99-4351-92BA-C3A34D35054A}"
EndProject
Global
	GlobalSection(SolutionConfigurationPlatforms) = preSolution
		Debug|Any CPU = Debug|Any CPU
		Release|Any CPU = Release|Any CPU
	EndGlobalSection
	GlobalSection(ProjectConfigurationPlatforms) = postSolution
		{8DDC66D9-CB99-4351-92BA-C3A34D35054A}.Debug|Any CPU.ActiveCfg = Debug|Any CPU
		{8DDC66D9-CB99-4351-92BA-C3A34D35054A}.Debug|Any CPU.Build.0 = Debug|Any CPU
		{8DDC66D9-CB99-4351-92BA-C3A34D35054A}.Release|Any CPU.ActiveCfg = Release|Any CPU
		{8DDC66D9-CB99-4351-92BA-C3A34D35054A}.Release|Any CPU.Build.0 = Release|Any CPU
	EndGlobalSection
	GlobalSection(SolutionProperties) = preSolution
		HideSolutionNode = FALSE
	EndGlobalSection
	GlobalSection(ExtensibilityGlobals) = postSolution
		SolutionGuid = {CE686ECA-56CD-4C64-8D5A-F9878CFCAA1C}
	EndGlobalSection
EndGlobal
