
Microsoft Visual Studio Solution File, Format Version 12.00
# Visual Studio Version 17
VisualStudioVersion = 17.3.32825.248
MinimumVisualStudioVersion = 10.0.40219.1
Project("{9A19103F-16F7-4668-BE54-9A1E7A4F7556}") = "Form_Validation", "Form_Required_Validation\Form_Validation.csproj", "{273051C2-C07E-44EC-8887-4D02710C375B}"
EndProject
Global
	GlobalSection(SolutionConfigurationPlatforms) = preSolution
		Debug|Any CPU = Debug|Any CPU
		Release|Any CPU = Release|Any CPU
	EndGlobalSection
	GlobalSection(ProjectConfigurationPlatforms) = postSolution
		{273051C2-C07E-44EC-8887-4D02710C375B}.Debug|Any CPU.ActiveCfg = Debug|Any CPU
		{273051C2-C07E-44EC-8887-4D02710C375B}.Debug|Any CPU.Build.0 = Debug|Any CPU
		{273051C2-C07E-44EC-8887-4D02710C375B}.Release|Any CPU.ActiveCfg = Release|Any CPU
		{273051C2-C07E-44EC-8887-4D02710C375B}.Release|Any CPU.Build.0 = Release|Any CPU
	EndGlobalSection
	GlobalSection(SolutionProperties) = preSolution
		HideSolutionNode = FALSE
	EndGlobalSection
	GlobalSection(ExtensibilityGlobals) = postSolution
		SolutionGuid = {6EE48829-CDFE-4175-919A-517795841C8C}
	EndGlobalSection
EndGlobal
