
Microsoft Visual Studio Solution File, Format Version 12.00
# Visual Studio Version 17
VisualStudioVersion = 17.3.32825.248
MinimumVisualStudioVersion = 10.0.40219.1
Project("{FAE04EC0-301F-11D3-BF4B-00C04F79EFBC}") = "LINQ_Queries", "LINQ_Queries\LINQ_Queries.csproj", "{C31DBEC0-718C-4E88-8AA5-26FBC629F19A}"
EndProject
Global
	GlobalSection(SolutionConfigurationPlatforms) = preSolution
		Debug|Any CPU = Debug|Any CPU
		Release|Any CPU = Release|Any CPU
	EndGlobalSection
	GlobalSection(ProjectConfigurationPlatforms) = postSolution
		{C31DBEC0-718C-4E88-8AA5-26FBC629F19A}.Debug|Any CPU.ActiveCfg = Debug|Any CPU
		{C31DBEC0-718C-4E88-8AA5-26FBC629F19A}.Debug|Any CPU.Build.0 = Debug|Any CPU
		{C31DBEC0-718C-4E88-8AA5-26FBC629F19A}.Release|Any CPU.ActiveCfg = Release|Any CPU
		{C31DBEC0-718C-4E88-8AA5-26FBC629F19A}.Release|Any CPU.Build.0 = Release|Any CPU
	EndGlobalSection
	GlobalSection(SolutionProperties) = preSolution
		HideSolutionNode = FALSE
	EndGlobalSection
	GlobalSection(ExtensibilityGlobals) = postSolution
		SolutionGuid = {D7DB6160-8A80-4F3B-B797-21B49EB6B7EE}
	EndGlobalSection
EndGlobal
