
Microsoft Visual Studio Solution File, Format Version 12.00
# Visual Studio Version 17
VisualStudioVersion = 17.3.32825.248
MinimumVisualStudioVersion = 10.0.40219.1
Project("{FAE04EC0-301F-11D3-BF4B-00C04F79EFBC}") = "Experimenting", "Experimenting\Experimenting.csproj", "{94E63A2A-D171-4647-A685-60C0328EDBC0}"
EndProject
Global
	GlobalSection(SolutionConfigurationPlatforms) = preSolution
		Debug|Any CPU = Debug|Any CPU
		Release|Any CPU = Release|Any CPU
	EndGlobalSection
	GlobalSection(ProjectConfigurationPlatforms) = postSolution
		{94E63A2A-D171-4647-A685-60C0328EDBC0}.Debug|Any CPU.ActiveCfg = Debug|Any CPU
		{94E63A2A-D171-4647-A685-60C0328EDBC0}.Debug|Any CPU.Build.0 = Debug|Any CPU
		{94E63A2A-D171-4647-A685-60C0328EDBC0}.Release|Any CPU.ActiveCfg = Release|Any CPU
		{94E63A2A-D171-4647-A685-60C0328EDBC0}.Release|Any CPU.Build.0 = Release|Any CPU
	EndGlobalSection
	GlobalSection(SolutionProperties) = preSolution
		HideSolutionNode = FALSE
	EndGlobalSection
	GlobalSection(ExtensibilityGlobals) = postSolution
		SolutionGuid = {FEAE7F60-A180-4443-912A-0131B79A2D2D}
	EndGlobalSection
EndGlobal
