
Microsoft Visual Studio Solution File, Format Version 12.00
# Visual Studio Version 17
VisualStudioVersion = 17.3.32825.248
MinimumVisualStudioVersion = 10.0.40219.1
Project("{FAE04EC0-301F-11D3-BF4B-00C04F79EFBC}") = "TagHelpers_Demo", "TagHelpers_Demo\TagHelpers_Demo.csproj", "{9C1B2DAE-7D15-4A56-88D7-20D856F3ED5B}"
EndProject
Global
	GlobalSection(SolutionConfigurationPlatforms) = preSolution
		Debug|Any CPU = Debug|Any CPU
		Release|Any CPU = Release|Any CPU
	EndGlobalSection
	GlobalSection(ProjectConfigurationPlatforms) = postSolution
		{9C1B2DAE-7D15-4A56-88D7-20D856F3ED5B}.Debug|Any CPU.ActiveCfg = Debug|Any CPU
		{9C1B2DAE-7D15-4A56-88D7-20D856F3ED5B}.Debug|Any CPU.Build.0 = Debug|Any CPU
		{9C1B2DAE-7D15-4A56-88D7-20D856F3ED5B}.Release|Any CPU.ActiveCfg = Release|Any CPU
		{9C1B2DAE-7D15-4A56-88D7-20D856F3ED5B}.Release|Any CPU.Build.0 = Release|Any CPU
	EndGlobalSection
	GlobalSection(SolutionProperties) = preSolution
		HideSolutionNode = FALSE
	EndGlobalSection
	GlobalSection(ExtensibilityGlobals) = postSolution
		SolutionGuid = {F1DE7380-FCE2-4E19-A511-B971303CF1EA}
	EndGlobalSection
EndGlobal
