
Microsoft Visual Studio Solution File, Format Version 12.00
# Visual Studio Version 17
VisualStudioVersion = 17.3.32825.248
MinimumVisualStudioVersion = 10.0.40219.1
Project("{FAE04EC0-301F-11D3-BF4B-00C04F79EFBC}") = "WebApplication1", "WebApplication1\WebApplication1.csproj", "{871AB10C-7293-4191-89C4-F3F28BFC22C2}"
EndProject
Global
	GlobalSection(SolutionConfigurationPlatforms) = preSolution
		Debug|Any CPU = Debug|Any CPU
		Release|Any CPU = Release|Any CPU
	EndGlobalSection
	GlobalSection(ProjectConfigurationPlatforms) = postSolution
		{871AB10C-7293-4191-89C4-F3F28BFC22C2}.Debug|Any CPU.ActiveCfg = Debug|Any CPU
		{871AB10C-7293-4191-89C4-F3F28BFC22C2}.Debug|Any CPU.Build.0 = Debug|Any CPU
		{871AB10C-7293-4191-89C4-F3F28BFC22C2}.Release|Any CPU.ActiveCfg = Release|Any CPU
		{871AB10C-7293-4191-89C4-F3F28BFC22C2}.Release|Any CPU.Build.0 = Release|Any CPU
	EndGlobalSection
	GlobalSection(SolutionProperties) = preSolution
		HideSolutionNode = FALSE
	EndGlobalSection
	GlobalSection(ExtensibilityGlobals) = postSolution
		SolutionGuid = {C46DA1E3-8FED-4E8C-810C-DB48D0CC9D4D}
	EndGlobalSection
EndGlobal
