
Microsoft Visual Studio Solution File, Format Version 12.00
# Visual Studio Version 17
VisualStudioVersion = 17.3.32825.248
MinimumVisualStudioVersion = 10.0.40219.1
Project("{FAE04EC0-301F-11D3-BF4B-00C04F79EFBC}") = "Property_Injection", "Property_Injection\Property_Injection.csproj", "{ADE11D68-0502-4E35-89D6-42A12A830F64}"
EndProject
Global
	GlobalSection(SolutionConfigurationPlatforms) = preSolution
		Debug|Any CPU = Debug|Any CPU
		Release|Any CPU = Release|Any CPU
	EndGlobalSection
	GlobalSection(ProjectConfigurationPlatforms) = postSolution
		{ADE11D68-0502-4E35-89D6-42A12A830F64}.Debug|Any CPU.ActiveCfg = Debug|Any CPU
		{ADE11D68-0502-4E35-89D6-42A12A830F64}.Debug|Any CPU.Build.0 = Debug|Any CPU
		{ADE11D68-0502-4E35-89D6-42A12A830F64}.Release|Any CPU.ActiveCfg = Release|Any CPU
		{ADE11D68-0502-4E35-89D6-42A12A830F64}.Release|Any CPU.Build.0 = Release|Any CPU
	EndGlobalSection
	GlobalSection(SolutionProperties) = preSolution
		HideSolutionNode = FALSE
	EndGlobalSection
	GlobalSection(ExtensibilityGlobals) = postSolution
		SolutionGuid = {5A56C11B-B30B-4131-B413-0EBBADBCED1E}
	EndGlobalSection
EndGlobal
