
Microsoft Visual Studio Solution File, Format Version 12.00
# Visual Studio Version 17
VisualStudioVersion = 17.3.32825.248
MinimumVisualStudioVersion = 10.0.40219.1
Project("{FAE04EC0-301F-11D3-BF4B-00C04F79EFBC}") = "Razor_Book", "Razor_Book\Razor_Book.csproj", "{0E55C98C-E49D-4717-BC8B-461F6C782705}"
EndProject
Global
	GlobalSection(SolutionConfigurationPlatforms) = preSolution
		Debug|Any CPU = Debug|Any CPU
		Release|Any CPU = Release|Any CPU
	EndGlobalSection
	GlobalSection(ProjectConfigurationPlatforms) = postSolution
		{0E55C98C-E49D-4717-BC8B-461F6C782705}.Debug|Any CPU.ActiveCfg = Debug|Any CPU
		{0E55C98C-E49D-4717-BC8B-461F6C782705}.Debug|Any CPU.Build.0 = Debug|Any CPU
		{0E55C98C-E49D-4717-BC8B-461F6C782705}.Release|Any CPU.ActiveCfg = Release|Any CPU
		{0E55C98C-E49D-4717-BC8B-461F6C782705}.Release|Any CPU.Build.0 = Release|Any CPU
	EndGlobalSection
	GlobalSection(SolutionProperties) = preSolution
		HideSolutionNode = FALSE
	EndGlobalSection
	GlobalSection(ExtensibilityGlobals) = postSolution
		SolutionGuid = {8B785586-BC7F-424B-9BB5-7FD73A4812BD}
	EndGlobalSection
EndGlobal
