
Microsoft Visual Studio Solution File, Format Version 12.00
# Visual Studio Version 17
VisualStudioVersion = 17.3.32825.248
MinimumVisualStudioVersion = 10.0.40219.1
Project("{FAE04EC0-301F-11D3-BF4B-00C04F79EFBC}") = "Attributes", "Attributes\Attributes.csproj", "{7DFD3A48-6035-4552-9BEB-F61AB721C5CC}"
EndProject
Global
	GlobalSection(SolutionConfigurationPlatforms) = preSolution
		Debug|Any CPU = Debug|Any CPU
		Release|Any CPU = Release|Any CPU
	EndGlobalSection
	GlobalSection(ProjectConfigurationPlatforms) = postSolution
		{7DFD3A48-6035-4552-9BEB-F61AB721C5CC}.Debug|Any CPU.ActiveCfg = Debug|Any CPU
		{7DFD3A48-6035-4552-9BEB-F61AB721C5CC}.Debug|Any CPU.Build.0 = Debug|Any CPU
		{7DFD3A48-6035-4552-9BEB-F61AB721C5CC}.Release|Any CPU.ActiveCfg = Release|Any CPU
		{7DFD3A48-6035-4552-9BEB-F61AB721C5CC}.Release|Any CPU.Build.0 = Release|Any CPU
	EndGlobalSection
	GlobalSection(SolutionProperties) = preSolution
		HideSolutionNode = FALSE
	EndGlobalSection
	GlobalSection(ExtensibilityGlobals) = postSolution
		SolutionGuid = {54FBC266-D1D7-491A-B00B-162EF81FC6D3}
	EndGlobalSection
EndGlobal
