
Microsoft Visual Studio Solution File, Format Version 12.00
# Visual Studio Version 17
VisualStudioVersion = 17.3.32825.248
MinimumVisualStudioVersion = 10.0.40219.1
Project("{FAE04EC0-301F-11D3-BF4B-00C04F79EFBC}") = "ForecastApp", "ForecastApp\ForecastApp.csproj", "{506C18C2-9513-443F-9CD1-723637BB6B52}"
EndProject
Global
	GlobalSection(SolutionConfigurationPlatforms) = preSolution
		Debug|Any CPU = Debug|Any CPU
		Release|Any CPU = Release|Any CPU
	EndGlobalSection
	GlobalSection(ProjectConfigurationPlatforms) = postSolution
		{506C18C2-9513-443F-9CD1-723637BB6B52}.Debug|Any CPU.ActiveCfg = Debug|Any CPU
		{506C18C2-9513-443F-9CD1-723637BB6B52}.Debug|Any CPU.Build.0 = Debug|Any CPU
		{506C18C2-9513-443F-9CD1-723637BB6B52}.Release|Any CPU.ActiveCfg = Release|Any CPU
		{506C18C2-9513-443F-9CD1-723637BB6B52}.Release|Any CPU.Build.0 = Release|Any CPU
	EndGlobalSection
	GlobalSection(SolutionProperties) = preSolution
		HideSolutionNode = FALSE
	EndGlobalSection
	GlobalSection(ExtensibilityGlobals) = postSolution
		SolutionGuid = {A67B65DE-17DD-4096-BD76-EB8F711A9FA5}
	EndGlobalSection
EndGlobal
