
Microsoft Visual Studio Solution File, Format Version 12.00
# Visual Studio Version 17
VisualStudioVersion = 17.3.32825.248
MinimumVisualStudioVersion = 10.0.40219.1
Project("{FAE04EC0-301F-11D3-BF4B-00C04F79EFBC}") = "UnderstandingController", "UnderstandingController\UnderstandingController.csproj", "{592C1C96-C9B1-4664-8938-294A2E0F3EE4}"
EndProject
Global
	GlobalSection(SolutionConfigurationPlatforms) = preSolution
		Debug|Any CPU = Debug|Any CPU
		Release|Any CPU = Release|Any CPU
	EndGlobalSection
	GlobalSection(ProjectConfigurationPlatforms) = postSolution
		{592C1C96-C9B1-4664-8938-294A2E0F3EE4}.Debug|Any CPU.ActiveCfg = Debug|Any CPU
		{592C1C96-C9B1-4664-8938-294A2E0F3EE4}.Debug|Any CPU.Build.0 = Debug|Any CPU
		{592C1C96-C9B1-4664-8938-294A2E0F3EE4}.Release|Any CPU.ActiveCfg = Release|Any CPU
		{592C1C96-C9B1-4664-8938-294A2E0F3EE4}.Release|Any CPU.Build.0 = Release|Any CPU
	EndGlobalSection
	GlobalSection(SolutionProperties) = preSolution
		HideSolutionNode = FALSE
	EndGlobalSection
	GlobalSection(ExtensibilityGlobals) = postSolution
		SolutionGuid = {7D0DE105-DF13-4AA5-B0FA-B5505556D98B}
	EndGlobalSection
EndGlobal
