
Microsoft Visual Studio Solution File, Format Version 12.00
# Visual Studio Version 17
VisualStudioVersion = 17.3.32825.248
MinimumVisualStudioVersion = 10.0.40219.1
Project("{FAE04EC0-301F-11D3-BF4B-00C04F79EFBC}") = "ViewData_Demo", "ViewData_Demo\ViewData_Demo.csproj", "{47E9D716-22F8-4E9C-A165-24B90393BDE5}"
EndProject
Global
	GlobalSection(SolutionConfigurationPlatforms) = preSolution
		Debug|Any CPU = Debug|Any CPU
		Release|Any CPU = Release|Any CPU
	EndGlobalSection
	GlobalSection(ProjectConfigurationPlatforms) = postSolution
		{47E9D716-22F8-4E9C-A165-24B90393BDE5}.Debug|Any CPU.ActiveCfg = Debug|Any CPU
		{47E9D716-22F8-4E9C-A165-24B90393BDE5}.Debug|Any CPU.Build.0 = Debug|Any CPU
		{47E9D716-22F8-4E9C-A165-24B90393BDE5}.Release|Any CPU.ActiveCfg = Release|Any CPU
		{47E9D716-22F8-4E9C-A165-24B90393BDE5}.Release|Any CPU.Build.0 = Release|Any CPU
	EndGlobalSection
	GlobalSection(SolutionProperties) = preSolution
		HideSolutionNode = FALSE
	EndGlobalSection
	GlobalSection(ExtensibilityGlobals) = postSolution
		SolutionGuid = {19BA3B66-4657-489C-AF10-47EEBE1EA7E6}
	EndGlobalSection
EndGlobal
